%YAML 1.1
---
groupId: io.xream.x7
artifactId: x7-lock
versioning:
  latest: 2.9.0.RELEASE
  release: 2.9.0.RELEASE
  versions:
  - 2.3.0.RELEASE
  - 2.3.1.RELEASE
  - 2.3.2.RELEASE
  - 2.3.3.RELEASE
  - 2.3.4.RELEASE
  - 2.3.5.RELEASE
  - 2.3.6.RELEASE
  - 2.3.7.RELEASE
  - 2.3.8.RELEASE
  - 2.3.9.RELEASE
  - 2.3.10.RELEASE
  - 2.3.11.RELEASE
  - 2.3.12.RELEASE
  - 2.3.13.RELEASE
  - 2.4.0.RELEASE
  - 2.5.0.RELEASE
  - 2.6.0.RELEASE
  - 2.7.0.RELEASE
  - 2.8.0.RELEASE
  - 2.9.0.RELEASE
  lastUpdated: 20210617070503
