%YAML 1.1
---
groupId: net.guerlab.cloud
artifactId: guerlab-cloud-lock
versioning:
  latest: 2024.7.1
  release: 2024.7.1
  versions:
  - 2024.0.0
  - 2024.1.0
  - 2024.2.0
  - 2024.3.0
  - 2024.4.0
  - 2024.4.1
  - 2024.4.2
  - 2024.5.0
  - 2024.5.1
  - 2024.5.2
  - 2024.5.3
  - 2024.5.4
  - 2024.5.5
  - 2024.5.6
  - 2024.5.7
  - 2024.5.8
  - 2024.5.9
  - 2024.5.10
  - 2024.7.0
  - 2024.7.1
  lastUpdated: 20240518024535
