%YAML 1.1
---
groupId: com.netflix.conductor
artifactId: conductor-zookeeper-lock
versioning:
  latest: 2.22.6
  release: 2.22.6
  versions:
  - 2.13.1-alpha
  - 2.13.2-alpha
  - 2.13.3-alpha
  - 2.13.4-alpha
  - 2.13.4-alpha.1
  - 2.13.4-alpha.3
  - 2.15.2-beta
  - 2.15.2-beta.1
  - 2.16.4-beta.2
  - 2.16.6-alpha
  - 2.16.6-alpha.1
  - 2.16.6-alpha.2
  - 2.18.1-alpha.4
  - 2.20.0
  - 2.21.0-alpha
  - 2.21.0
  - 2.21.0-hotfix
  - 2.21.1
  - 2.21.2
  - 2.22.0
  - 2.22.1
  - 2.22.2-alpha
  - 2.22.2
  - 2.22.3
  - 2.22.4
  - 2.22.5-alpha
  - 2.22.5
  - 2.22.6
  lastUpdated: 20200102221640
