%YAML 1.1
---
groupId: com.netflix.conductor
artifactId: conductor-zookeeper-lock
versioning:
  latest: 2.31.1
  release: 2.31.1
  versions:
  - 2.13.1-alpha
  - 2.13.2-alpha
  - 2.13.3-alpha
  - 2.13.4-alpha
  - 2.13.4-alpha.1
  - 2.13.4-alpha.3
  - 2.15.2-beta
  - 2.15.2-beta.1
  - 2.16.4-beta.2
  - 2.16.6-alpha
  - 2.16.6-alpha.1
  - 2.16.6-alpha.2
  - 2.18.1-alpha.4
  - 2.20.0
  - 2.21.0-alpha
  - 2.21.0
  - 2.21.0-hotfix
  - 2.21.1
  - 2.21.2
  - 2.22.0
  - 2.22.1
  - 2.22.2-alpha
  - 2.22.2
  - 2.22.3
  - 2.22.4
  - 2.22.5-alpha
  - 2.22.5
  - 2.22.6-alpha
  - 2.22.6
  - 2.23.0
  - 2.24.0
  - 2.24.5-alpha.1
  - 2.24.5-alpha.2
  - 2.25.0
  - 2.25.1-alpha
  - 2.25.1
  - 2.25.2-alpha
  - 2.25.2-alpha.2
  - 2.25.3
  - 2.25.4
  - 2.25.5
  - 2.25.6
  - 2.25.7
  - 2.25.8-beta
  - 2.25.8-beta.2
  - 2.25.8-beta.3
  - 2.25.8
  - 2.25.9
  - 2.25.10
  - 2.25.11
  - 2.26.0-beta
  - 2.26.0-beta.1
  - 2.26.0
  - 2.26.1-beta
  - 2.26.1
  - 2.26.2-beta
  - 2.26.2-beta.1
  - 2.26.2-beta.2
  - 2.27.0-beta
  - 2.27.0-beta.1
  - 2.27.0-beta.2
  - 2.27.0
  - 2.27.1
  - 2.27.2
  - 2.27.3
  - 2.27.4
  - 2.27.5
  - 2.27.6
  - 2.28.0
  - 2.28.1
  - 2.28.2
  - 2.28.3
  - 2.28.4-alpha
  - 2.28.4-alpha.3
  - 2.28.4-alpha.4
  - 2.29.0
  - 2.29.1
  - 2.29.2
  - 2.29.3
  - 2.30.1
  - 2.30.2
  - 2.30.3
  - 2.30.4
  - 2.31.0
  - 2.31.1
  lastUpdated: 20210311073651
