%YAML 1.1
---
groupId: com.io7m.idstore
artifactId: com.io7m.idstore.server.service.clock
versioning:
  latest: 1.0.0-beta0016
  release: 1.0.0-beta0016
  versions:
  - 0.0.6
  - 0.0.7
  - 0.0.8
  - 0.0.9
  - 0.0.10
  - 0.0.11
  - 0.0.12
  - 0.0.13
  - 0.0.14
  - 1.0.0-beta0001
  - 1.0.0-beta0002
  - 1.0.0-beta0003
  - 1.0.0-beta0004
  - 1.0.0-beta0005
  - 1.0.0-beta0006
  - 1.0.0-beta0007
  - 1.0.0-beta0008
  - 1.0.0-beta0009
  - 1.0.0-beta0010
  - 1.0.0-beta0011
  - 1.0.0-beta0013
  - 1.0.0-beta0014
  - 1.0.0-beta0015
  - 1.0.0-beta0016
  lastUpdated: 20230703205029
